
Microsoft Visual Studio Solution File, Format Version 12.00
# Visual Studio 15
VisualStudioVersion = 15.0.28307.572
MinimumVisualStudioVersion = 10.0.40219.1
Project("{FAE04EC0-301F-11D3-BF4B-00C04F79EFBC}") = "HW9-13A-CS", "HW9-13A-CS\HW9-13A-CS.csproj", "{8343B8B9-A7B3-4A08-A8CF-6019391E941F}"
EndProject
Global
	GlobalSection(SolutionConfigurationPlatforms) = preSolution
		Debug|Any CPU = Debug|Any CPU
		Release|Any CPU = Release|Any CPU
	EndGlobalSection
	GlobalSection(ProjectConfigurationPlatforms) = postSolution
		{8343B8B9-A7B3-4A08-A8CF-6019391E941F}.Debug|Any CPU.ActiveCfg = Debug|Any CPU
		{8343B8B9-A7B3-4A08-A8CF-6019391E941F}.Debug|Any CPU.Build.0 = Debug|Any CPU
		{8343B8B9-A7B3-4A08-A8CF-6019391E941F}.Release|Any CPU.ActiveCfg = Release|Any CPU
		{8343B8B9-A7B3-4A08-A8CF-6019391E941F}.Release|Any CPU.Build.0 = Release|Any CPU
	EndGlobalSection
	GlobalSection(SolutionProperties) = preSolution
		HideSolutionNode = FALSE
	EndGlobalSection
	GlobalSection(ExtensibilityGlobals) = postSolution
		SolutionGuid = {087536DF-E075-4458-9A0D-3E2DDEDE3E41}
	EndGlobalSection
EndGlobal
